
Microsoft Visual Studio Solution File, Format Version 12.00
# Visual Studio Version 16
VisualStudioVersion = 16.0.29009.5
MinimumVisualStudioVersion = 10.0.40219.1
Project("{9A19103F-16F7-4668-BE54-9A1E7A4F7556}") = "NbaSuperStars", "NbaSuperStars\NbaSuperStars.csproj", "{FB51616A-1639-4889-80C6-6D1D73C20E65}"
EndProject
Project("{FAE04EC0-301F-11D3-BF4B-00C04F79EFBC}") = "NbaSuperStars.Tests", "NbaSuperStars.Tests\NbaSuperStars.Tests.csproj", "{2BF2EA77-F84F-4819-81A6-F8A3997F9C60}"
EndProject
Global
	GlobalSection(SolutionConfigurationPlatforms) = preSolution
		Debug|Any CPU = Debug|Any CPU
		Release|Any CPU = Release|Any CPU
	EndGlobalSection
	GlobalSection(ProjectConfigurationPlatforms) = postSolution
		{FB51616A-1639-4889-80C6-6D1D73C20E65}.Debug|Any CPU.ActiveCfg = Debug|Any CPU
		{FB51616A-1639-4889-80C6-6D1D73C20E65}.Debug|Any CPU.Build.0 = Debug|Any CPU
		{FB51616A-1639-4889-80C6-6D1D73C20E65}.Release|Any CPU.ActiveCfg = Release|Any CPU
		{FB51616A-1639-4889-80C6-6D1D73C20E65}.Release|Any CPU.Build.0 = Release|Any CPU
		{2BF2EA77-F84F-4819-81A6-F8A3997F9C60}.Debug|Any CPU.ActiveCfg = Debug|Any CPU
		{2BF2EA77-F84F-4819-81A6-F8A3997F9C60}.Debug|Any CPU.Build.0 = Debug|Any CPU
		{2BF2EA77-F84F-4819-81A6-F8A3997F9C60}.Release|Any CPU.ActiveCfg = Release|Any CPU
		{2BF2EA77-F84F-4819-81A6-F8A3997F9C60}.Release|Any CPU.Build.0 = Release|Any CPU
	EndGlobalSection
	GlobalSection(SolutionProperties) = preSolution
		HideSolutionNode = FALSE
	EndGlobalSection
	GlobalSection(ExtensibilityGlobals) = postSolution
		SolutionGuid = {5EF7446C-A90F-42FB-8380-1C3AA0E78799}
	EndGlobalSection
EndGlobal
